// !$*UTF8*$!
{
	archiveVersion = 1;
	classes = {
	};
	objectVersion = 56;
	objects = {

/* Begin PBXBuildFile section */
		0A6F888028E3582400CA2AFA /* AppDelegate.swift in Sources */ = {isa = PBXBuildFile; fileRef = 0A6F887F28E3582400CA2AFA /* AppDelegate.swift */; };
		0A6F888228E3582400CA2AFA /* SceneDelegate.swift in Sources */ = {isa = PBXBuildFile; fileRef = 0A6F888128E3582400CA2AFA /* SceneDelegate.swift */; };
		0A6F888428E3582400CA2AFA /* ViewController.swift in Sources */ = {isa = PBXBuildFile; fileRef = 0A6F888328E3582400CA2AFA /* ViewController.swift */; };
		0A6F888728E3582400CA2AFA /* Main.storyboard in Resources */ = {isa = PBXBuildFile; fileRef = 0A6F888528E3582400CA2AFA /* Main.storyboard */; };
		0A6F888928E3582500CA2AFA /* Assets.xcassets in Resources */ = {isa = PBXBuildFile; fileRef = 0A6F888828E3582500CA2AFA /* Assets.xcassets */; };
		0A6F888C28E3582500CA2AFA /* LaunchScreen.storyboard in Resources */ = {isa = PBXBuildFile; fileRef = 0A6F888A28E3582500CA2AFA /* LaunchScreen.storyboard */; };
		0A6F889428E35BF300CA2AFA /* BoardCell.swift in Sources */ = {isa = PBXBuildFile; fileRef = 0A6F889328E35BF300CA2AFA /* BoardCell.swift */; };
		0A6F889628E35E0600CA2AFA /* BoardItem.swift in Sources */ = {isa = PBXBuildFile; fileRef = 0A6F889528E35E0600CA2AFA /* BoardItem.swift */; };
		0A6F889828E35E1500CA2AFA /* Board.swift in Sources */ = {isa = PBXBuildFile; fileRef = 0A6F889728E35E1500CA2AFA /* Board.swift */; };
		0A6F889A28E35E1F00CA2AFA /* Turn.swift in Sources */ = {isa = PBXBuildFile; fileRef = 0A6F889928E35E1F00CA2AFA /* Turn.swift */; };
		0A862AE3296CD24200A64D14 /* .gitignore in Resources */ = {isa = PBXBuildFile; fileRef = 0A862AE1296CD24200A64D14 /* .gitignore */; };
		0A862AE4296CD24200A64D14 /* README.md in Resources */ = {isa = PBXBuildFile; fileRef = 0A862AE2296CD24200A64D14 /* README.md */; };
/* End PBXBuildFile section */

/* Begin PBXFileReference section */
		0A6F887C28E3582400CA2AFA /* Conecta4.app */ = {isa = PBXFileReference; explicitFileType = wrapper.application; includeInIndex = 0; path = Conecta4.app; sourceTree = BUILT_PRODUCTS_DIR; };
		0A6F887F28E3582400CA2AFA /* AppDelegate.swift */ = {isa = PBXFileReference; lastKnownFileType = sourcecode.swift; path = AppDelegate.swift; sourceTree = "<group>"; };
		0A6F888128E3582400CA2AFA /* SceneDelegate.swift */ = {isa = PBXFileReference; lastKnownFileType = sourcecode.swift; path = SceneDelegate.swift; sourceTree = "<group>"; };
		0A6F888328E3582400CA2AFA /* ViewController.swift */ = {isa = PBXFileReference; lastKnownFileType = sourcecode.swift; path = ViewController.swift; sourceTree = "<group>"; };
		0A6F888628E3582400CA2AFA /* Base */ = {isa = PBXFileReference; lastKnownFileType = file.storyboard; name = Base; path = Base.lproj/Main.storyboard; sourceTree = "<group>"; };
		0A6F888828E3582500CA2AFA /* Assets.xcassets */ = {isa = PBXFileReference; lastKnownFileType = folder.assetcatalog; path = Assets.xcassets; sourceTree = "<group>"; };
		0A6F888B28E3582500CA2AFA /* Base */ = {isa = PBXFileReference; lastKnownFileType = file.storyboard; name = Base; path = Base.lproj/LaunchScreen.storyboard; sourceTree = "<group>"; };
		0A6F888D28E3582500CA2AFA /* Info.plist */ = {isa = PBXFileReference; lastKnownFileType = text.plist.xml; path = Info.plist; sourceTree = "<group>"; };
		0A6F889328E35BF300CA2AFA /* BoardCell.swift */ = {isa = PBXFileReference; lastKnownFileType = sourcecode.swift; path = BoardCell.swift; sourceTree = "<group>"; };
		0A6F889528E35E0600CA2AFA /* BoardItem.swift */ = {isa = PBXFileReference; lastKnownFileType = sourcecode.swift; path = BoardItem.swift; sourceTree = "<group>"; };
		0A6F889728E35E1500CA2AFA /* Board.swift */ = {isa = PBXFileReference; lastKnownFileType = sourcecode.swift; path = Board.swift; sourceTree = "<group>"; };
		0A6F889928E35E1F00CA2AFA /* Turn.swift */ = {isa = PBXFileReference; lastKnownFileType = sourcecode.swift; path = Turn.swift; sourceTree = "<group>"; };
		0A862AE1296CD24200A64D14 /* .gitignore */ = {isa = PBXFileReference; fileEncoding = 4; lastKnownFileType = text; path = .gitignore; sourceTree = SOURCE_ROOT; };
		0A862AE2296CD24200A64D14 /* README.md */ = {isa = PBXFileReference; fileEncoding = 4; lastKnownFileType = net.daringfireball.markdown; path = README.md; sourceTree = SOURCE_ROOT; };
/* End PBXFileReference section */

/* Begin PBXFrameworksBuildPhase section */
		0A6F887928E3582400CA2AFA /* Frameworks */ = {
			isa = PBXFrameworksBuildPhase;
			buildActionMask = 2147483647;
			files = (
			);
			runOnlyForDeploymentPostprocessing = 0;
		};
/* End PBXFrameworksBuildPhase section */

/* Begin PBXGroup section */
		0A6F887328E3582400CA2AFA = {
			isa = PBXGroup;
			children = (
				0A6F887E28E3582400CA2AFA /* Conecta4 */,
				0A6F887D28E3582400CA2AFA /* Products */,
			);
			sourceTree = "<group>";
		};
		0A6F887D28E3582400CA2AFA /* Products */ = {
			isa = PBXGroup;
			children = (
				0A6F887C28E3582400CA2AFA /* Conecta4.app */,
			);
			name = Products;
			sourceTree = "<group>";
		};
		0A6F887E28E3582400CA2AFA /* Conecta4 */ = {
			isa = PBXGroup;
			children = (
				0A6F888828E3582500CA2AFA /* Assets.xcassets */,
				0A6F888A28E3582500CA2AFA /* LaunchScreen.storyboard */,
				0A6F888D28E3582500CA2AFA /* Info.plist */,
				0A6F887F28E3582400CA2AFA /* AppDelegate.swift */,
				0A6F888128E3582400CA2AFA /* SceneDelegate.swift */,
				0A6F888528E3582400CA2AFA /* Main.storyboard */,
				0A6F888328E3582400CA2AFA /* ViewController.swift */,
				0A6F889328E35BF300CA2AFA /* BoardCell.swift */,
				0A6F889528E35E0600CA2AFA /* BoardItem.swift */,
				0A6F889728E35E1500CA2AFA /* Board.swift */,
				0A6F889928E35E1F00CA2AFA /* Turn.swift */,
				0A862AE2296CD24200A64D14 /* README.md */,
				0A862AE1296CD24200A64D14 /* .gitignore */,
			);
			path = Conecta4;
			sourceTree = "<group>";
		};
/* End PBXGroup section */

/* Begin PBXNativeTarget section */
		0A6F887B28E3582400CA2AFA /* Conecta4 */ = {
			isa = PBXNativeTarget;
			buildConfigurationList = 0A6F889028E3582500CA2AFA /* Build configuration list for PBXNativeTarget "Conecta4" */;
			buildPhases = (
				0A6F887828E3582400CA2AFA /* Sources */,
				0A6F887928E3582400CA2AFA /* Frameworks */,
				0A6F887A28E3582400CA2AFA /* Resources */,
			);
			buildRules = (
			);
			dependencies = (
			);
			name = Conecta4;
			productName = Conecta4;
			productReference = 0A6F887C28E3582400CA2AFA /* Conecta4.app */;
			productType = "com.apple.product-type.application";
		};
/* End PBXNativeTarget section */

/* Begin PBXProject section */
		0A6F887428E3582400CA2AFA /* Project object */ = {
			isa = PBXProject;
			attributes = {
				BuildIndependentTargetsInParallel = 1;
				LastSwiftUpdateCheck = 1400;
				LastUpgradeCheck = 1400;
				TargetAttributes = {
					0A6F887B28E3582400CA2AFA = {
						CreatedOnToolsVersion = 14.0.1;
					};
				};
			};
			buildConfigurationList = 0A6F887728E3582400CA2AFA /* Build configuration list for PBXProject "Conecta4" */;
			compatibilityVersion = "Xcode 14.0";
			developmentRegion = en;
			hasScannedForEncodings = 0;
			knownRegions = (
				en,
				Base,
			);
			mainGroup = 0A6F887328E3582400CA2AFA;
			productRefGroup = 0A6F887D28E3582400CA2AFA /* Products */;
			projectDirPath = "";
			projectRoot = "";
			targets = (
				0A6F887B28E3582400CA2AFA /* Conecta4 */,
			);
		};
/* End PBXProject section */

/* Begin PBXResourcesBuildPhase section */
		0A6F887A28E3582400CA2AFA /* Resources */ = {
			isa = PBXResourcesBuildPhase;
			buildActionMask = 2147483647;
			files = (
				0A862AE3296CD24200A64D14 /* .gitignore in Resources */,
				0A6F888C28E3582500CA2AFA /* LaunchScreen.storyboard in Resources */,
				0A862AE4296CD24200A64D14 /* README.md in Resources */,
				0A6F888928E3582500CA2AFA /* Assets.xcassets in Resources */,
				0A6F888728E3582400CA2AFA /* Main.storyboard in Resources */,
			);
			runOnlyForDeploymentPostprocessing = 0;
		};
/* End PBXResourcesBuildPhase section */

/* Begin PBXSourcesBuildPhase section */
		0A6F887828E3582400CA2AFA /* Sources */ = {
			isa = PBXSourcesBuildPhase;
			buildActionMask = 2147483647;
			files = (
				0A6F889628E35E0600CA2AFA /* BoardItem.swift in Sources */,
				0A6F888428E3582400CA2AFA /* ViewController.swift in Sources */,
				0A6F889828E35E1500CA2AFA /* Board.swift in Sources */,
				0A6F888028E3582400CA2AFA /* AppDelegate.swift in Sources */,
				0A6F889428E35BF300CA2AFA /* BoardCell.swift in Sources */,
				0A6F888228E3582400CA2AFA /* SceneDelegate.swift in Sources */,
				0A6F889A28E35E1F00CA2AFA /* Turn.swift in Sources */,
			);
			runOnlyForDeploymentPostprocessing = 0;
		};
/* End PBXSourcesBuildPhase section */

/* Begin PBXVariantGroup section */
		0A6F888528E3582400CA2AFA /* Main.storyboard */ = {
			isa = PBXVariantGroup;
			children = (
				0A6F888628E3582400CA2AFA /* Base */,
			);
			name = Main.storyboard;
			sourceTree = "<group>";
		};
		0A6F888A28E3582500CA2AFA /* LaunchScreen.storyboard */ = {
			isa = PBXVariantGroup;
			children = (
				0A6F888B28E3582500CA2AFA /* Base */,
			);
			name = LaunchScreen.storyboard;
			sourceTree = "<group>";
		};
/* End PBXVariantGroup section */

/* Begin XCBuildConfiguration section */
		0A6F888E28E3582500CA2AFA /* Debug */ = {
			isa = XCBuildConfiguration;
			buildSettings = {
				ALWAYS_SEARCH_USER_PATHS = NO;
				CLANG_ANALYZER_NONNULL = YES;
				CLANG_ANALYZER_NUMBER_OBJECT_CONVERSION = YES_AGGRESSIVE;
				CLANG_CXX_LANGUAGE_STANDARD = "gnu++20";
				CLANG_ENABLE_MODULES = YES;
				CLANG_ENABLE_OBJC_ARC = YES;
				CLANG_ENABLE_OBJC_WEAK = YES;
				CLANG_WARN_BLOCK_CAPTURE_AUTORELEASING = YES;
				CLANG_WARN_BOOL_CONVERSION = YES;
				CLANG_WARN_COMMA = YES;
				CLANG_WARN_CONSTANT_CONVERSION = YES;
				CLANG_WARN_DEPRECATED_OBJC_IMPLEMENTATIONS = YES;
				CLANG_WARN_DIRECT_OBJC_ISA_USAGE = YES_ERROR;
				CLANG_WARN_DOCUMENTATION_COMMENTS = YES;
				CLANG_WARN_EMPTY_BODY = YES;
				CLANG_WARN_ENUM_CONVERSION = YES;
				CLANG_WARN_INFINITE_RECURSION = YES;
				CLANG_WARN_INT_CONVERSION = YES;
				CLANG_WARN_NON_LITERAL_NULL_CONVERSION = YES;
				CLANG_WARN_OBJC_IMPLICIT_RETAIN_SELF = YES;
				CLANG_WARN_OBJC_LITERAL_CONVERSION = YES;
				CLANG_WARN_OBJC_ROOT_CLASS = YES_ERROR;
				CLANG_WARN_QUOTED_INCLUDE_IN_FRAMEWORK_HEADER = YES;
				CLANG_WARN_RANGE_LOOP_ANALYSIS = YES;
				CLANG_WARN_STRICT_PROTOTYPES = YES;
				CLANG_WARN_SUSPICIOUS_MOVE = YES;
				CLANG_WARN_UNGUARDED_AVAILABILITY = YES_AGGRESSIVE;
				CLANG_WARN_UNREACHABLE_CODE = YES;
				CLANG_WARN__DUPLICATE_METHOD_MATCH = YES;
				COPY_PHASE_STRIP = NO;
				DEBUG_INFORMATION_FORMAT = dwarf;
				ENABLE_STRICT_OBJC_MSGSEND = YES;
				ENABLE_TESTABILITY = YES;
				GCC_C_LANGUAGE_STANDARD = gnu11;
				GCC_DYNAMIC_NO_PIC = NO;
				GCC_NO_COMMON_BLOCKS = YES;
				GCC_OPTIMIZATION_LEVEL = 0;
				GCC_PREPROCESSOR_DEFINITIONS = (
					"DEBUG=1",
					"$(inherited)",
				);
				GCC_WARN_64_TO_32_BIT_CONVERSION = YES;
				GCC_WARN_ABOUT_RETURN_TYPE = YES_ERROR;
				GCC_WARN_UNDECLARED_SELECTOR = YES;
				GCC_WARN_UNINITIALIZED_AUTOS = YES_AGGRESSIVE;
				GCC_WARN_UNUSED_FUNCTION = YES;
				GCC_WARN_UNUSED_VARIABLE = YES;
				IPHONEOS_DEPLOYMENT_TARGET = 15.0;
				MTL_ENABLE_DEBUG_INFO = INCLUDE_SOURCE;
				MTL_FAST_MATH = YES;
				ONLY_ACTIVE_ARCH = YES;
				SDKROOT = iphoneos;
				SWIFT_ACTIVE_COMPILATION_CONDITIONS = DEBUG;
				SWIFT_OPTIMIZATION_LEVEL = "-Onone";
			};
			name = Debug;
		};
		0A6F888F28E3582500CA2AFA /* Release */ = {
			isa = XCBuildConfiguration;
			buildSettings = {
				ALWAYS_SEARCH_USER_PATHS = NO;
				CLANG_ANALYZER_NONNULL = YES;
				CLANG_ANALYZER_NUMBER_OBJECT_CONVERSION = YES_AGGRESSIVE;
				CLANG_CXX_LANGUAGE_STANDARD = "gnu++20";
				CLANG_ENABLE_MODULES = YES;
				CLANG_ENABLE_OBJC_ARC = YES;
				CLANG_ENABLE_OBJC_WEAK = YES;
				CLANG_WARN_BLOCK_CAPTURE_AUTORELEASING = YES;
				CLANG_WARN_BOOL_CONVERSION = YES;
				CLANG_WARN_COMMA = YES;
				CLANG_WARN_CONSTANT_CONVERSION = YES;
				CLANG_WARN_DEPRECATED_OBJC_IMPLEMENTATIONS = YES;
				CLANG_WARN_DIRECT_OBJC_ISA_USAGE = YES_ERROR;
				CLANG_WARN_DOCUMENTATION_COMMENTS = YES;
				CLANG_WARN_EMPTY_BODY = YES;
				CLANG_WARN_ENUM_CONVERSION = YES;
				CLANG_WARN_INFINITE_RECURSION = YES;
				CLANG_WARN_INT_CONVERSION = YES;
				CLANG_WARN_NON_LITERAL_NULL_CONVERSION = YES;
				CLANG_WARN_OBJC_IMPLICIT_RETAIN_SELF = YES;
				CLANG_WARN_OBJC_LITERAL_CONVERSION = YES;
				CLANG_WARN_OBJC_ROOT_CLASS = YES_ERROR;
				CLANG_WARN_QUOTED_INCLUDE_IN_FRAMEWORK_HEADER = YES;
				CLANG_WARN_RANGE_LOOP_ANALYSIS = YES;
				CLANG_WARN_STRICT_PROTOTYPES = YES;
				CLANG_WARN_SUSPICIOUS_MOVE = YES;
				CLANG_WARN_UNGUARDED_AVAILABILITY = YES_AGGRESSIVE;
				CLANG_WARN_UNREACHABLE_CODE = YES;
				CLANG_WARN__DUPLICATE_METHOD_MATCH = YES;
				COPY_PHASE_STRIP = NO;
				DEBUG_INFORMATION_FORMAT = "dwarf-with-dsym";
				ENABLE_NS_ASSERTIONS = NO;
				ENABLE_STRICT_OBJC_MSGSEND = YES;
				GCC_C_LANGUAGE_STANDARD = gnu11;
				GCC_NO_COMMON_BLOCKS = YES;
				GCC_WARN_64_TO_32_BIT_CONVERSION = YES;
				GCC_WARN_ABOUT_RETURN_TYPE = YES_ERROR;
				GCC_WARN_UNDECLARED_SELECTOR = YES;
				GCC_WARN_UNINITIALIZED_AUTOS = YES_AGGRESSIVE;
				GCC_WARN_UNUSED_FUNCTION = YES;
				GCC_WARN_UNUSED_VARIABLE = YES;
				IPHONEOS_DEPLOYMENT_TARGET = 15.0;
				MTL_ENABLE_DEBUG_INFO = NO;
				MTL_FAST_MATH = YES;
				SDKROOT = iphoneos;
				SWIFT_COMPILATION_MODE = wholemodule;
				SWIFT_OPTIMIZATION_LEVEL = "-O";
				VALIDATE_PRODUCT = YES;
			};
			name = Release;
		};
		0A6F889128E3582500CA2AFA /* Debug */ = {
			isa = XCBuildConfiguration;
			buildSettings = {
				ASSETCATALOG_COMPILER_APPICON_NAME = AppIcon;
				ASSETCATALOG_COMPILER_GLOBAL_ACCENT_COLOR_NAME = AccentColor;
				CODE_SIGN_STYLE = Automatic;
				CURRENT_PROJECT_VERSION = 1;
				DEVELOPMENT_TEAM = WN27X6XHJN;
				GENERATE_INFOPLIST_FILE = YES;
				INFOPLIST_FILE = Conecta4/Info.plist;
				INFOPLIST_KEY_LSApplicationCategoryType = "public.app-category.board-games";
				INFOPLIST_KEY_UIApplicationSupportsIndirectInputEvents = YES;
				INFOPLIST_KEY_UILaunchStoryboardName = LaunchScreen.storyboard;
				INFOPLIST_KEY_UIMainStoryboardFile = Main;
				INFOPLIST_KEY_UIRequiresFullScreen = YES;
				INFOPLIST_KEY_UISupportedInterfaceOrientations = UIInterfaceOrientationPortrait;
				IPHONEOS_DEPLOYMENT_TARGET = 15.0;
				LD_RUNPATH_SEARCH_PATHS = (
					"$(inherited)",
					"@executable_path/Frameworks",
				);
				MARKETING_VERSION = 1.0;
				PRODUCT_BUNDLE_IDENTIFIER = com.csweb.Conecta4;
				PRODUCT_NAME = "$(TARGET_NAME)";
				SWIFT_EMIT_LOC_STRINGS = YES;
				SWIFT_VERSION = 5.0;
				TARGETED_DEVICE_FAMILY = "1,2";
			};
			name = Debug;
		};
		0A6F889228E3582500CA2AFA /* Release */ = {
			isa = XCBuildConfiguration;
			buildSettings = {
				ASSETCATALOG_COMPILER_APPICON_NAME = AppIcon;
				ASSETCATALOG_COMPILER_GLOBAL_ACCENT_COLOR_NAME = AccentColor;
				CODE_SIGN_STYLE = Automatic;
				CURRENT_PROJECT_VERSION = 1;
				DEVELOPMENT_TEAM = WN27X6XHJN;
				GENERATE_INFOPLIST_FILE = YES;
				INFOPLIST_FILE = Conecta4/Info.plist;
				INFOPLIST_KEY_LSApplicationCategoryType = "public.app-category.board-games";
				INFOPLIST_KEY_UIApplicationSupportsIndirectInputEvents = YES;
				INFOPLIST_KEY_UILaunchStoryboardName = LaunchScreen.storyboard;
				INFOPLIST_KEY_UIMainStoryboardFile = Main;
				INFOPLIST_KEY_UIRequiresFullScreen = YES;
				INFOPLIST_KEY_UISupportedInterfaceOrientations = UIInterfaceOrientationPortrait;
				IPHONEOS_DEPLOYMENT_TARGET = 15.0;
				LD_RUNPATH_SEARCH_PATHS = (
					"$(inherited)",
					"@executable_path/Frameworks",
				);
				MARKETING_VERSION = 1.0;
				PRODUCT_BUNDLE_IDENTIFIER = com.csweb.Conecta4;
				PRODUCT_NAME = "$(TARGET_NAME)";
				SWIFT_EMIT_LOC_STRINGS = YES;
				SWIFT_VERSION = 5.0;
				TARGETED_DEVICE_FAMILY = "1,2";
			};
			name = Release;
		};
/* End XCBuildConfiguration section */

/* Begin XCConfigurationList section */
		0A6F887728E3582400CA2AFA /* Build configuration list for PBXProject "Conecta4" */ = {
			isa = XCConfigurationList;
			buildConfigurations = (
				0A6F888E28E3582500CA2AFA /* Debug */,
				0A6F888F28E3582500CA2AFA /* Release */,
			);
			defaultConfigurationIsVisible = 0;
			defaultConfigurationName = Release;
		};
		0A6F889028E3582500CA2AFA /* Build configuration list for PBXNativeTarget "Conecta4" */ = {
			isa = XCConfigurationList;
			buildConfigurations = (
				0A6F889128E3582500CA2AFA /* Debug */,
				0A6F889228E3582500CA2AFA /* Release */,
			);
			defaultConfigurationIsVisible = 0;
			defaultConfigurationName = Release;
		};
/* End XCConfigurationList section */
	};
	rootObject = 0A6F887428E3582400CA2AFA /* Project object */;
}
